
Microsoft Visual Studio Solution File, Format Version 12.00
# Visual Studio Version 17
VisualStudioVersion = 17.0.31903.59
MinimumVisualStudioVersion = 10.0.40219.1
Project("{2150E333-8FDC-42A3-9474-1A3956D46DE8}") = "backend", "backend", "{1AE8ACA6-933B-BF2A-3671-3E2EAC007D16}"
EndProject
Project("{FAE04EC0-301F-11D3-BF4B-00C04F79EFBC}") = "FarmHelm.Domain", "backend\FarmHelm.Domain\FarmHelm.Domain.csproj", "{9E40C26B-18D9-4A6F-B12E-F11BEEE01EEE}"
EndProject
Project("{FAE04EC0-301F-11D3-BF4B-00C04F79EFBC}") = "FarmHelm.Application", "backend\FarmHelm.Application\FarmHelm.Application.csproj", "{206D39ED-F58E-44AC-B15D-A3483FBF7EA6}"
EndProject
Project("{FAE04EC0-301F-11D3-BF4B-00C04F79EFBC}") = "FarmHelm.Infrastructure", "backend\FarmHelm.Infrastructure\FarmHelm.Infrastructure.csproj", "{991E5B8C-3103-46DB-BF8B-50D4DB5EE413}"
EndProject
Project("{FAE04EC0-301F-11D3-BF4B-00C04F79EFBC}") = "FarmHelm.Api", "backend\FarmHelm.Api\FarmHelm.Api.csproj", "{6E73F7A5-3C00-4F64-BE15-4092E0657F64}"
EndProject
Project("{FAE04EC0-301F-11D3-BF4B-00C04F79EFBC}") = "FarmHelm.Tests", "backend\FarmHelm.Tests\FarmHelm.Tests.csproj", "{D32DF35D-CD2D-4908-A7EC-74E49691F3F2}"
EndProject
Global
	GlobalSection(SolutionConfigurationPlatforms) = preSolution
		Debug|Any CPU = Debug|Any CPU
		Debug|x64 = Debug|x64
		Debug|x86 = Debug|x86
		Release|Any CPU = Release|Any CPU
		Release|x64 = Release|x64
		Release|x86 = Release|x86
	EndGlobalSection
	GlobalSection(ProjectConfigurationPlatforms) = postSolution
		{9E40C26B-18D9-4A6F-B12E-F11BEEE01EEE}.Debug|Any CPU.ActiveCfg = Debug|Any CPU
		{9E40C26B-18D9-4A6F-B12E-F11BEEE01EEE}.Debug|Any CPU.Build.0 = Debug|Any CPU
		{9E40C26B-18D9-4A6F-B12E-F11BEEE01EEE}.Debug|x64.ActiveCfg = Debug|Any CPU
		{9E40C26B-18D9-4A6F-B12E-F11BEEE01EEE}.Debug|x64.Build.0 = Debug|Any CPU
		{9E40C26B-18D9-4A6F-B12E-F11BEEE01EEE}.Debug|x86.ActiveCfg = Debug|Any CPU
		{9E40C26B-18D9-4A6F-B12E-F11BEEE01EEE}.Debug|x86.Build.0 = Debug|Any CPU
		{9E40C26B-18D9-4A6F-B12E-F11BEEE01EEE}.Release|Any CPU.ActiveCfg = Release|Any CPU
		{9E40C26B-18D9-4A6F-B12E-F11BEEE01EEE}.Release|Any CPU.Build.0 = Release|Any CPU
		{9E40C26B-18D9-4A6F-B12E-F11BEEE01EEE}.Release|x64.ActiveCfg = Release|Any CPU
		{9E40C26B-18D9-4A6F-B12E-F11BEEE01EEE}.Release|x64.Build.0 = Release|Any CPU
		{9E40C26B-18D9-4A6F-B12E-F11BEEE01EEE}.Release|x86.ActiveCfg = Release|Any CPU
		{9E40C26B-18D9-4A6F-B12E-F11BEEE01EEE}.Release|x86.Build.0 = Release|Any CPU
		{206D39ED-F58E-44AC-B15D-A3483FBF7EA6}.Debug|Any CPU.ActiveCfg = Debug|Any CPU
		{206D39ED-F58E-44AC-B15D-A3483FBF7EA6}.Debug|Any CPU.Build.0 = Debug|Any CPU
		{206D39ED-F58E-44AC-B15D-A3483FBF7EA6}.Debug|x64.ActiveCfg = Debug|Any CPU
		{206D39ED-F58E-44AC-B15D-A3483FBF7EA6}.Debug|x64.Build.0 = Debug|Any CPU
		{206D39ED-F58E-44AC-B15D-A3483FBF7EA6}.Debug|x86.ActiveCfg = Debug|Any CPU
		{206D39ED-F58E-44AC-B15D-A3483FBF7EA6}.Debug|x86.Build.0 = Debug|Any CPU
		{206D39ED-F58E-44AC-B15D-A3483FBF7EA6}.Release|Any CPU.ActiveCfg = Release|Any CPU
		{206D39ED-F58E-44AC-B15D-A3483FBF7EA6}.Release|Any CPU.Build.0 = Release|Any CPU
		{206D39ED-F58E-44AC-B15D-A3483FBF7EA6}.Release|x64.ActiveCfg = Release|Any CPU
		{206D39ED-F58E-44AC-B15D-A3483FBF7EA6}.Release|x64.Build.0 = Release|Any CPU
		{206D39ED-F58E-44AC-B15D-A3483FBF7EA6}.Release|x86.ActiveCfg = Release|Any CPU
		{206D39ED-F58E-44AC-B15D-A3483FBF7EA6}.Release|x86.Build.0 = Release|Any CPU
		{991E5B8C-3103-46DB-BF8B-50D4DB5EE413}.Debug|Any CPU.ActiveCfg = Debug|Any CPU
		{991E5B8C-3103-46DB-BF8B-50D4DB5EE413}.Debug|Any CPU.Build.0 = Debug|Any CPU
		{991E5B8C-3103-46DB-BF8B-50D4DB5EE413}.Debug|x64.ActiveCfg = Debug|Any CPU
		{991E5B8C-3103-46DB-BF8B-50D4DB5EE413}.Debug|x64.Build.0 = Debug|Any CPU
		{991E5B8C-3103-46DB-BF8B-50D4DB5EE413}.Debug|x86.ActiveCfg = Debug|Any CPU
		{991E5B8C-3103-46DB-BF8B-50D4DB5EE413}.Debug|x86.Build.0 = Debug|Any CPU
		{991E5B8C-3103-46DB-BF8B-50D4DB5EE413}.Release|Any CPU.ActiveCfg = Release|Any CPU
		{991E5B8C-3103-46DB-BF8B-50D4DB5EE413}.Release|Any CPU.Build.0 = Release|Any CPU
		{991E5B8C-3103-46DB-BF8B-50D4DB5EE413}.Release|x64.ActiveCfg = Release|Any CPU
		{991E5B8C-3103-46DB-BF8B-50D4DB5EE413}.Release|x64.Build.0 = Release|Any CPU
		{991E5B8C-3103-46DB-BF8B-50D4DB5EE413}.Release|x86.ActiveCfg = Release|Any CPU
		{991E5B8C-3103-46DB-BF8B-50D4DB5EE413}.Release|x86.Build.0 = Release|Any CPU
		{6E73F7A5-3C00-4F64-BE15-4092E0657F64}.Debug|Any CPU.ActiveCfg = Debug|Any CPU
		{6E73F7A5-3C00-4F64-BE15-4092E0657F64}.Debug|Any CPU.Build.0 = Debug|Any CPU
		{6E73F7A5-3C00-4F64-BE15-4092E0657F64}.Debug|x64.ActiveCfg = Debug|Any CPU
		{6E73F7A5-3C00-4F64-BE15-4092E0657F64}.Debug|x64.Build.0 = Debug|Any CPU
		{6E73F7A5-3C00-4F64-BE15-4092E0657F64}.Debug|x86.ActiveCfg = Debug|Any CPU
		{6E73F7A5-3C00-4F64-BE15-4092E0657F64}.Debug|x86.Build.0 = Debug|Any CPU
		{6E73F7A5-3C00-4F64-BE15-4092E0657F64}.Release|Any CPU.ActiveCfg = Release|Any CPU
		{6E73F7A5-3C00-4F64-BE15-4092E0657F64}.Release|Any CPU.Build.0 = Release|Any CPU
		{6E73F7A5-3C00-4F64-BE15-4092E0657F64}.Release|x64.ActiveCfg = Release|Any CPU
		{6E73F7A5-3C00-4F64-BE15-4092E0657F64}.Release|x64.Build.0 = Release|Any CPU
		{6E73F7A5-3C00-4F64-BE15-4092E0657F64}.Release|x86.ActiveCfg = Release|Any CPU
		{6E73F7A5-3C00-4F64-BE15-4092E0657F64}.Release|x86.Build.0 = Release|Any CPU
		{D32DF35D-CD2D-4908-A7EC-74E49691F3F2}.Debug|Any CPU.ActiveCfg = Debug|Any CPU
		{D32DF35D-CD2D-4908-A7EC-74E49691F3F2}.Debug|Any CPU.Build.0 = Debug|Any CPU
		{D32DF35D-CD2D-4908-A7EC-74E49691F3F2}.Debug|x64.ActiveCfg = Debug|Any CPU
		{D32DF35D-CD2D-4908-A7EC-74E49691F3F2}.Debug|x64.Build.0 = Debug|Any CPU
		{D32DF35D-CD2D-4908-A7EC-74E49691F3F2}.Debug|x86.ActiveCfg = Debug|Any CPU
		{D32DF35D-CD2D-4908-A7EC-74E49691F3F2}.Debug|x86.Build.0 = Debug|Any CPU
		{D32DF35D-CD2D-4908-A7EC-74E49691F3F2}.Release|Any CPU.ActiveCfg = Release|Any CPU
		{D32DF35D-CD2D-4908-A7EC-74E49691F3F2}.Release|Any CPU.Build.0 = Release|Any CPU
		{D32DF35D-CD2D-4908-A7EC-74E49691F3F2}.Release|x64.ActiveCfg = Release|Any CPU
		{D32DF35D-CD2D-4908-A7EC-74E49691F3F2}.Release|x64.Build.0 = Release|Any CPU
		{D32DF35D-CD2D-4908-A7EC-74E49691F3F2}.Release|x86.ActiveCfg = Release|Any CPU
		{D32DF35D-CD2D-4908-A7EC-74E49691F3F2}.Release|x86.Build.0 = Release|Any CPU
	EndGlobalSection
	GlobalSection(SolutionProperties) = preSolution
		HideSolutionNode = FALSE
	EndGlobalSection
	GlobalSection(NestedProjects) = preSolution
		{9E40C26B-18D9-4A6F-B12E-F11BEEE01EEE} = {1AE8ACA6-933B-BF2A-3671-3E2EAC007D16}
		{206D39ED-F58E-44AC-B15D-A3483FBF7EA6} = {1AE8ACA6-933B-BF2A-3671-3E2EAC007D16}
		{991E5B8C-3103-46DB-BF8B-50D4DB5EE413} = {1AE8ACA6-933B-BF2A-3671-3E2EAC007D16}
		{6E73F7A5-3C00-4F64-BE15-4092E0657F64} = {1AE8ACA6-933B-BF2A-3671-3E2EAC007D16}
		{D32DF35D-CD2D-4908-A7EC-74E49691F3F2} = {1AE8ACA6-933B-BF2A-3671-3E2EAC007D16}
	EndGlobalSection
EndGlobal
